
Microsoft Visual Studio Solution File, Format Version 12.00
# Visual Studio Version 17
VisualStudioVersion = 17.10.35013.160
MinimumVisualStudioVersion = 10.0.40219.1
Project("{FAE04EC0-301F-11D3-BF4B-00C04F79EFBC}") = "PokeTypes", "PokeTypes\PokeTypes.csproj", "{51DB6D1E-F87B-4B84-8684-E310A5140DEE}"
EndProject
Global
	GlobalSection(SolutionConfigurationPlatforms) = preSolution
		Debug|Any CPU = Debug|Any CPU
		Release|Any CPU = Release|Any CPU
	EndGlobalSection
	GlobalSection(ProjectConfigurationPlatforms) = postSolution
		{51DB6D1E-F87B-4B84-8684-E310A5140DEE}.Debug|Any CPU.ActiveCfg = Debug|Any CPU
		{51DB6D1E-F87B-4B84-8684-E310A5140DEE}.Debug|Any CPU.Build.0 = Debug|Any CPU
		{51DB6D1E-F87B-4B84-8684-E310A5140DEE}.Release|Any CPU.ActiveCfg = Release|Any CPU
		{51DB6D1E-F87B-4B84-8684-E310A5140DEE}.Release|Any CPU.Build.0 = Release|Any CPU
	EndGlobalSection
	GlobalSection(SolutionProperties) = preSolution
		HideSolutionNode = FALSE
	EndGlobalSection
	GlobalSection(ExtensibilityGlobals) = postSolution
		SolutionGuid = {AB3AAD58-5D33-4F75-B10C-B48EDA84DBB4}
	EndGlobalSection
EndGlobal
